lockfileVersion: '9.0'

settings:
  autoInstallPeers: true
  excludeLinksFromLockfile: false

importers:

  .:
    dependencies:
      lightningcss-cli:
        specifier: ^1.28.2
        version: 1.28.2

packages:

  detect-libc@1.0.3:
    resolution: {integrity: sha512-pGjwhsmsp4kL2RTz08wcOlGN83otlqHeD/Z5T8GXZB+/YcpQ/dgo+lbU8ZsGxV0HIvqqxo9l7mqYwyYMD9bKDg==}
    engines: {node: '>=0.10'}
    hasBin: true

  lightningcss-cli-darwin-arm64@1.28.2:
    resolution: {integrity: sha512-P6CzNJcRNsuLLv/UKiYqWF4N78prZfcRdg+/2/XtaAXlWv2CpkDOCerAEHgq9QaQjB+b5aFAkDY9/KONVIYiwQ==}
    engines: {node: '>= 12.0.0'}
    cpu: [arm64]
    os: [darwin]

  lightningcss-cli-darwin-x64@1.28.2:
    resolution: {integrity: sha512-cbp+U2u8OAjXo8KjLoQMVLJJqXBPWKDLgtmrrIx/qIw0aVpo3IgkLVWOg+uLLr23f9RSFvEMD8SEwcgtpJL4Bw==}
    engines: {node: '>= 12.0.0'}
    cpu: [x64]
    os: [darwin]

  lightningcss-cli-freebsd-x64@1.28.2:
    resolution: {integrity: sha512-1F88CelPjWzawGgwq1SA1KYfHZBGg0B61DNknLzBqIEXmbDxp4PCUrXP3GatamgcyRJID2kjRg8y44mSIHXw8Q==}
    engines: {node: '>= 12.0.0'}
    cpu: [x64]
    os: [freebsd]

  lightningcss-cli-linux-arm-gnueabihf@1.28.2:
    resolution: {integrity: sha512-GTe8SSYUC/y4aa6BSP4p5Y1ixEGZPxHezsK8y3qvO12+W0l5S+7DHUoe7d6LXRepWqAbajzr8cLk1f5NqAMgjA==}
    engines: {node: '>= 12.0.0'}
    cpu: [arm]
    os: [linux]

  lightningcss-cli-linux-arm64-gnu@1.28.2:
    resolution: {integrity: sha512-lwy70KvUdOf7WLgn+EIuogeCy8AaJji59ioCxiY96YbRPQkfwrPg1UWKaPO+oFqeHiUcHdoYuP86v53P3py1Rw==}
    engines: {node: '>= 12.0.0'}
    cpu: [arm64]
    os: [linux]

  lightningcss-cli-linux-arm64-musl@1.28.2:
    resolution: {integrity: sha512-mloVIVE6L+j0fVDT81uHegAtGBI52oxIqNv5jrcWa9d9xewfBeSrFyv71ZtJu8h72VRksT/bP7dUVEqGwM3+eA==}
    engines: {node: '>= 12.0.0'}
    cpu: [arm64]
    os: [linux]

  lightningcss-cli-linux-x64-gnu@1.28.2:
    resolution: {integrity: sha512-M0MGrjkmgGRbGAkAQlfBVIdb1ZW78JpJ6Bqz4ERkZ8siKUDR4yCH/vFJ9RHRxsQSXqc1qGLEuOXWi1NVYqtSfA==}
    engines: {node: '>= 12.0.0'}
    cpu: [x64]
    os: [linux]

  lightningcss-cli-linux-x64-musl@1.28.2:
    resolution: {integrity: sha512-QgYkVugR7Od3vMJonT+WlUf25X+H+zivbXJPP+itYWYnDyXZ14Loega+ae4MFdSzx+B4K6+l7BQxcKTGNx4kyg==}
    engines: {node: '>= 12.0.0'}
    cpu: [x64]
    os: [linux]

  lightningcss-cli-win32-arm64-msvc@1.28.2:
    resolution: {integrity: sha512-sxyia6nERnx7NAOsqGrqozsV4xeyClwnOn4KQcDlkOaO31hlAlTGveWSEU1UHoMm9CE2fhLvUCiJmF605uEk0Q==}
    engines: {node: '>= 12.0.0'}
    cpu: [arm64]
    os: [win32]

  lightningcss-cli-win32-x64-msvc@1.28.2:
    resolution: {integrity: sha512-2lsfto01pnWUyFe3Vlrer3oAhsYwX4Bk/FTjVKLMm785O3DD6jf2LYCKOcgTfVnCqAl+sTR+jM8B2AWVlgFyKw==}
    engines: {node: '>= 12.0.0'}
    cpu: [x64]
    os: [win32]

  lightningcss-cli@1.28.2:
    resolution: {integrity: sha512-f+KommuBfCFYGL1ZCN6edSXt1Q+ZH35nCo+7RzT1/XpRIWhixZIJIWJE+AcXUArnrKYx/m26BQMCFRYazWZrBw==}
    engines: {node: '>= 12.0.0'}
    hasBin: true

snapshots:

  detect-libc@1.0.3: {}

  lightningcss-cli-darwin-arm64@1.28.2:
    optional: true

  lightningcss-cli-darwin-x64@1.28.2:
    optional: true

  lightningcss-cli-freebsd-x64@1.28.2:
    optional: true

  lightningcss-cli-linux-arm-gnueabihf@1.28.2:
    optional: true

  lightningcss-cli-linux-arm64-gnu@1.28.2:
    optional: true

  lightningcss-cli-linux-arm64-musl@1.28.2:
    optional: true

  lightningcss-cli-linux-x64-gnu@1.28.2:
    optional: true

  lightningcss-cli-linux-x64-musl@1.28.2:
    optional: true

  lightningcss-cli-win32-arm64-msvc@1.28.2:
    optional: true

  lightningcss-cli-win32-x64-msvc@1.28.2:
    optional: true

  lightningcss-cli@1.28.2:
    dependencies:
      detect-libc: 1.0.3
    optionalDependencies:
      lightningcss-cli-darwin-arm64: 1.28.2
      lightningcss-cli-darwin-x64: 1.28.2
      lightningcss-cli-freebsd-x64: 1.28.2
      lightningcss-cli-linux-arm-gnueabihf: 1.28.2
      lightningcss-cli-linux-arm64-gnu: 1.28.2
      lightningcss-cli-linux-arm64-musl: 1.28.2
      lightningcss-cli-linux-x64-gnu: 1.28.2
      lightningcss-cli-linux-x64-musl: 1.28.2
      lightningcss-cli-win32-arm64-msvc: 1.28.2
      lightningcss-cli-win32-x64-msvc: 1.28.2
